
Microsoft Visual Studio Solution File, Format Version 12.00
# Visual Studio Version 17
VisualStudioVersion = 17.4.33205.214
MinimumVisualStudioVersion = 10.0.40219.1
Project("{FAE04EC0-301F-11D3-BF4B-00C04F79EFBC}") = "SignalR.Samples", "SignalR.Samples\SignalR.Samples.csproj", "{7FA61858-7461-41BB-B712-4D2EC97365B6}"
EndProject
Global
	GlobalSection(SolutionConfigurationPlatforms) = preSolution
		Debug|Any CPU = Debug|Any CPU
		Release|Any CPU = Release|Any CPU
	EndGlobalSection
	GlobalSection(ProjectConfigurationPlatforms) = postSolution
		{7FA61858-7461-41BB-B712-4D2EC97365B6}.Debug|Any CPU.ActiveCfg = Debug|Any CPU
		{7FA61858-7461-41BB-B712-4D2EC97365B6}.Debug|Any CPU.Build.0 = Debug|Any CPU
		{7FA61858-7461-41BB-B712-4D2EC97365B6}.Release|Any CPU.ActiveCfg = Release|Any CPU
		{7FA61858-7461-41BB-B712-4D2EC97365B6}.Release|Any CPU.Build.0 = Release|Any CPU
	EndGlobalSection
	GlobalSection(SolutionProperties) = preSolution
		HideSolutionNode = FALSE
	EndGlobalSection
	GlobalSection(ExtensibilityGlobals) = postSolution
		SolutionGuid = {72D735AB-A1F5-4C90-9333-208C1FAD1E49}
	EndGlobalSection
EndGlobal
